{
  "name": "myclothing",
  "lockfileVersion": 3,
  "requires": true,
  "packages": {
    "": {
      "dependencies": {
        "@react-three/fiber": "^9.4.0",
        "autoprefixer": "^10.4.21",
        "bits": "^0.1.1",
        "class-variance-authority": "^0.7.1",
        "clsx": "^2.1.1",
        "framer-motion": "^12.23.24",
        "gsap": "^3.13.0",
        "lucide-react": "^0.552.0",
        "motion": "^12.23.24",
        "postcss": "^8.5.6",
        "react": "^19.2.0",
        "react-intersection-observer": "^10.0.0",
        "react-slick": "^0.31.0",
        "slick-carousel": "^1.8.1",
        "tailwind-variants": "^3.1.1",
        "tailwindcss": "^4.1.16",
        "three": "^0.181.1"
      }
    },
    "node_modules/@babel/runtime": {
      "version": "7.28.4",
      "resolved": "https://registry.npmjs.org/@babel/runtime/-/runtime-7.28.4.tgz",
      "integrity": "sha512-Q/N6JNWvIvPnLDvjlE1OUBLPQHH6l3CltCEsHIujp45zQUSSh8K+gHnaEX45yAT1nyngnINhvWtzN+Nb9D8RAQ==",
      "license": "MIT",
      "engines": {
        "node": ">=6.9.0"
      }
    },
    "node_modules/@react-three/fiber": {
      "version": "9.4.0",
      "resolved": "https://registry.npmjs.org/@react-three/fiber/-/fiber-9.4.0.tgz",
      "integrity": "sha512-k4iu1R6e5D54918V4sqmISUkI5OgTw3v7/sDRKEC632Wd5g2WBtUS5gyG63X0GJO/HZUj1tsjSXfyzwrUHZl1g==",
      "license": "MIT",
      "dependencies": {
        "@babel/runtime": "^7.17.8",
        "@types/react-reconciler": "^0.32.0",
        "@types/webxr": "*",
        "base64-js": "^1.5.1",
        "buffer": "^6.0.3",
        "its-fine": "^2.0.0",
        "react-reconciler": "^0.31.0",
        "react-use-measure": "^2.1.7",
        "scheduler": "^0.25.0",
        "suspend-react": "^0.1.3",
        "use-sync-external-store": "^1.4.0",
        "zustand": "^5.0.3"
      },
      "peerDependencies": {
        "expo": ">=43.0",
        "expo-asset": ">=8.4",
        "expo-file-system": ">=11.0",
        "expo-gl": ">=11.0",
        "react": "^19.0.0",
        "react-dom": "^19.0.0",
        "react-native": ">=0.78",
        "three": ">=0.156"
      },
      "peerDependenciesMeta": {
        "expo": {
          "optional": true
        },
        "expo-asset": {
          "optional": true
        },
        "expo-file-system": {
          "optional": true
        },
        "expo-gl": {
          "optional": true
        },
        "react-dom": {
          "optional": true
        },
        "react-native": {
          "optional": true
        }
      }
    },
    "node_modules/@types/react": {
      "version": "19.2.3",
      "resolved": "https://registry.npmjs.org/@types/react/-/react-19.2.3.tgz",
      "integrity": "sha512-k5dJVszUiNr1DSe8Cs+knKR6IrqhqdhpUwzqhkS8ecQTSf3THNtbfIp/umqHMpX2bv+9dkx3fwDv/86LcSfvSg==",
      "license": "MIT",
      "peer": true,
      "dependencies": {
        "csstype": "^3.0.2"
      }
    },
    "node_modules/@types/react-reconciler": {
      "version": "0.32.3",
      "resolved": "https://registry.npmjs.org/@types/react-reconciler/-/react-reconciler-0.32.3.tgz",
      "integrity": "sha512-cMi5ZrLG7UtbL7LTK6hq9w/EZIRk4Mf1Z5qHoI+qBh7/WkYkFXQ7gOto2yfUvPzF5ERMAhaXS5eTQ2SAnHjLzA==",
      "license": "MIT",
      "peerDependencies": {
        "@types/react": "*"
      }
    },
    "node_modules/@types/webxr": {
      "version": "0.5.24",
      "resolved": "https://registry.npmjs.org/@types/webxr/-/webxr-0.5.24.tgz",
      "integrity": "sha512-h8fgEd/DpoS9CBrjEQXR+dIDraopAEfu4wYVNY2tEPwk60stPWhvZMf4Foo5FakuQ7HFZoa8WceaWFervK2Ovg==",
      "license": "MIT"
    },
    "node_modules/autoprefixer": {
      "version": "10.4.21",
      "resolved": "https://registry.npmjs.org/autoprefixer/-/autoprefixer-10.4.21.tgz",
      "integrity": "sha512-O+A6LWV5LDHSJD3LjHYoNi4VLsj/Whi7k6zG12xTYaU4cQ8oxQGckXNX8cRHK5yOZ/ppVHe0ZBXGzSV9jXdVbQ==",
      "funding": [
        {
          "type": "opencollective",
          "url": "https://opencollective.com/postcss/"
        },
        {
          "type": "tidelift",
          "url": "https://tidelift.com/funding/github/npm/autoprefixer"
        },
        {
          "type": "github",
          "url": "https://github.com/sponsors/ai"
        }
      ],
      "license": "MIT",
      "dependencies": {
        "browserslist": "^4.24.4",
        "caniuse-lite": "^1.0.30001702",
        "fraction.js": "^4.3.7",
        "normalize-range": "^0.1.2",
        "picocolors": "^1.1.1",
        "postcss-value-parser": "^4.2.0"
      },
      "bin": {
        "autoprefixer": "bin/autoprefixer"
      },
      "engines": {
        "node": "^10 || ^12 || >=14"
      },
      "peerDependencies": {
        "postcss": "^8.1.0"
      }
    },
    "node_modules/base64-js": {
      "version": "1.5.1",
      "resolved": "https://registry.npmjs.org/base64-js/-/base64-js-1.5.1.tgz",
      "integrity": "sha512-AKpaYlHn8t4SVbOHCy+b5+KKgvR4vrsD8vbvrbiQJps7fKDTkjkDry6ji0rUJjC0kzbNePLwzxq8iypo41qeWA==",
      "funding": [
        {
          "type": "github",
          "url": "https://github.com/sponsors/feross"
        },
        {
          "type": "patreon",
          "url": "https://www.patreon.com/feross"
        },
        {
          "type": "consulting",
          "url": "https://feross.org/support"
        }
      ],
      "license": "MIT"
    },
    "node_modules/baseline-browser-mapping": {
      "version": "2.8.23",
      "resolved": "https://registry.npmjs.org/baseline-browser-mapping/-/baseline-browser-mapping-2.8.23.tgz",
      "integrity": "sha512-616V5YX4bepJFzNyOfce5Fa8fDJMfoxzOIzDCZwaGL8MKVpFrXqfNUoIpRn9YMI5pXf/VKgzjB4htFMsFKKdiQ==",
      "license": "Apache-2.0",
      "bin": {
        "baseline-browser-mapping": "dist/cli.js"
      }
    },
    "node_modules/bits": {
      "version": "0.1.1",
      "resolved": "https://registry.npmjs.org/bits/-/bits-0.1.1.tgz",
      "integrity": "sha512-GoLaTBjTlk5Wppb5QIfJ4Bz4cdx9KkBgqqCT0OhlAUHmGzqTVMgCIVstTnPNvifaGIgsG74TgBXzKRiN4tagOw=="
    },
    "node_modules/browserslist": {
      "version": "4.27.0",
      "resolved": "https://registry.npmjs.org/browserslist/-/browserslist-4.27.0.tgz",
      "integrity": "sha512-AXVQwdhot1eqLihwasPElhX2tAZiBjWdJ9i/Zcj2S6QYIjkx62OKSfnobkriB81C3l4w0rVy3Nt4jaTBltYEpw==",
      "funding": [
        {
          "type": "opencollective",
          "url": "https://opencollective.com/browserslist"
        },
        {
          "type": "tidelift",
          "url": "https://tidelift.com/funding/github/npm/browserslist"
        },
        {
          "type": "github",
          "url": "https://github.com/sponsors/ai"
        }
      ],
      "license": "MIT",
      "dependencies": {
        "baseline-browser-mapping": "^2.8.19",
        "caniuse-lite": "^1.0.30001751",
        "electron-to-chromium": "^1.5.238",
        "node-releases": "^2.0.26",
        "update-browserslist-db": "^1.1.4"
      },
      "bin": {
        "browserslist": "cli.js"
      },
      "engines": {
        "node": "^6 || ^7 || ^8 || ^9 || ^10 || ^11 || ^12 || >=13.7"
      }
    },
    "node_modules/buffer": {
      "version": "6.0.3",
      "resolved": "https://registry.npmjs.org/buffer/-/buffer-6.0.3.tgz",
      "integrity": "sha512-FTiCpNxtwiZZHEZbcbTIcZjERVICn9yq/pDFkTl95/AxzD1naBctN7YO68riM/gLSDY7sdrMby8hofADYuuqOA==",
      "funding": [
        {
          "type": "github",
          "url": "https://github.com/sponsors/feross"
        },
        {
          "type": "patreon",
          "url": "https://www.patreon.com/feross"
        },
        {
          "type": "consulting",
          "url": "https://feross.org/support"
        }
      ],
      "license": "MIT",
      "dependencies": {
        "base64-js": "^1.3.1",
        "ieee754": "^1.2.1"
      }
    },
    "node_modules/caniuse-lite": {
      "version": "1.0.30001753",
      "resolved": "https://registry.npmjs.org/caniuse-lite/-/caniuse-lite-1.0.30001753.tgz",
      "integrity": "sha512-Bj5H35MD/ebaOV4iDLqPEtiliTN29qkGtEHCwawWn4cYm+bPJM2NsaP30vtZcnERClMzp52J4+aw2UNbK4o+zw==",
      "funding": [
        {
          "type": "opencollective",
          "url": "https://opencollective.com/browserslist"
        },
        {
          "type": "tidelift",
          "url": "https://tidelift.com/funding/github/npm/caniuse-lite"
        },
        {
          "type": "github",
          "url": "https://github.com/sponsors/ai"
        }
      ],
      "license": "CC-BY-4.0"
    },
    "node_modules/class-variance-authority": {
      "version": "0.7.1",
      "resolved": "https://registry.npmjs.org/class-variance-authority/-/class-variance-authority-0.7.1.tgz",
      "integrity": "sha512-Ka+9Trutv7G8M6WT6SeiRWz792K5qEqIGEGzXKhAE6xOWAY6pPH8U+9IY3oCMv6kqTmLsv7Xh/2w2RigkePMsg==",
      "license": "Apache-2.0",
      "dependencies": {
        "clsx": "^2.1.1"
      },
      "funding": {
        "url": "https://polar.sh/cva"
      }
    },
    "node_modules/classnames": {
      "version": "2.5.1",
      "resolved": "https://registry.npmjs.org/classnames/-/classnames-2.5.1.tgz",
      "integrity": "sha512-saHYOzhIQs6wy2sVxTM6bUDsQO4F50V9RQ22qBpEdCW+I+/Wmke2HOl6lS6dTpdxVhb88/I6+Hs+438c3lfUow==",
      "license": "MIT"
    },
    "node_modules/clsx": {
      "version": "2.1.1",
      "resolved": "https://registry.npmjs.org/clsx/-/clsx-2.1.1.tgz",
      "integrity": "sha512-eYm0QWBtUrBWZWG0d386OGAw16Z995PiOVo2B7bjWSbHedGl5e0ZWaq65kOGgUSNesEIDkB9ISbTg/JK9dhCZA==",
      "license": "MIT",
      "engines": {
        "node": ">=6"
      }
    },
    "node_modules/csstype": {
      "version": "3.1.3",
      "resolved": "https://registry.npmjs.org/csstype/-/csstype-3.1.3.tgz",
      "integrity": "sha512-M1uQkMl8rQK/szD0LNhtqxIPLpimGm8sOBwU7lLnCpSbTyY3yeU1Vc7l4KT5zT4s/yOxHH5O7tIuuLOCnLADRw==",
      "license": "MIT",
      "peer": true
    },
    "node_modules/electron-to-chromium": {
      "version": "1.5.244",
      "resolved": "https://registry.npmjs.org/electron-to-chromium/-/electron-to-chromium-1.5.244.tgz",
      "integrity": "sha512-OszpBN7xZX4vWMPJwB9illkN/znA8M36GQqQxi6MNy9axWxhOfJyZZJtSLQCpEFLHP2xK33BiWx9aIuIEXVCcw==",
      "license": "ISC"
    },
    "node_modules/escalade": {
      "version": "3.2.0",
      "resolved": "https://registry.npmjs.org/escalade/-/escalade-3.2.0.tgz",
      "integrity": "sha512-WUj2qlxaQtO4g6Pq5c29GTcWGDyd8itL8zTlipgECz3JesAiiOKotd8JU6otB3PACgG6xkJUyVhboMS+bje/jA==",
      "license": "MIT",
      "engines": {
        "node": ">=6"
      }
    },
    "node_modules/fraction.js": {
      "version": "4.3.7",
      "resolved": "https://registry.npmjs.org/fraction.js/-/fraction.js-4.3.7.tgz",
      "integrity": "sha512-ZsDfxO51wGAXREY55a7la9LScWpwv9RxIrYABrlvOFBlH/ShPnrtsXeuUIfXKKOVicNxQ+o8JTbJvjS4M89yew==",
      "license": "MIT",
      "engines": {
        "node": "*"
      },
      "funding": {
        "type": "patreon",
        "url": "https://github.com/sponsors/rawify"
      }
    },
    "node_modules/framer-motion": {
      "version": "12.23.24",
      "resolved": "https://registry.npmjs.org/framer-motion/-/framer-motion-12.23.24.tgz",
      "integrity": "sha512-HMi5HRoRCTou+3fb3h9oTLyJGBxHfW+HnNE25tAXOvVx/IvwMHK0cx7IR4a2ZU6sh3IX1Z+4ts32PcYBOqka8w==",
      "license": "MIT",
      "dependencies": {
        "motion-dom": "^12.23.23",
        "motion-utils": "^12.23.6",
        "tslib": "^2.4.0"
      },
      "peerDependencies": {
        "@emotion/is-prop-valid": "*",
        "react": "^18.0.0 || ^19.0.0",
        "react-dom": "^18.0.0 || ^19.0.0"
      },
      "peerDependenciesMeta": {
        "@emotion/is-prop-valid": {
          "optional": true
        },
        "react": {
          "optional": true
        },
        "react-dom": {
          "optional": true
        }
      }
    },
    "node_modules/gsap": {
      "version": "3.13.0",
      "resolved": "https://registry.npmjs.org/gsap/-/gsap-3.13.0.tgz",
      "integrity": "sha512-QL7MJ2WMjm1PHWsoFrAQH/J8wUeqZvMtHO58qdekHpCfhvhSL4gSiz6vJf5EeMP0LOn3ZCprL2ki/gjED8ghVw==",
      "license": "Standard 'no charge' license: https://gsap.com/standard-license."
    },
    "node_modules/ieee754": {
      "version": "1.2.1",
      "resolved": "https://registry.npmjs.org/ieee754/-/ieee754-1.2.1.tgz",
      "integrity": "sha512-dcyqhDvX1C46lXZcVqCpK+FtMRQVdIMN6/Df5js2zouUsqG7I6sFxitIC+7KYK29KdXOLHdu9zL4sFnoVQnqaA==",
      "funding": [
        {
          "type": "github",
          "url": "https://github.com/sponsors/feross"
        },
        {
          "type": "patreon",
          "url": "https://www.patreon.com/feross"
        },
        {
          "type": "consulting",
          "url": "https://feross.org/support"
        }
      ],
      "license": "BSD-3-Clause"
    },
    "node_modules/its-fine": {
      "version": "2.0.0",
      "resolved": "https://registry.npmjs.org/its-fine/-/its-fine-2.0.0.tgz",
      "integrity": "sha512-KLViCmWx94zOvpLwSlsx6yOCeMhZYaxrJV87Po5k/FoZzcPSahvK5qJ7fYhS61sZi5ikmh2S3Hz55A2l3U69ng==",
      "license": "MIT",
      "dependencies": {
        "@types/react-reconciler": "^0.28.9"
      },
      "peerDependencies": {
        "react": "^19.0.0"
      }
    },
    "node_modules/its-fine/node_modules/@types/react-reconciler": {
      "version": "0.28.9",
      "resolved": "https://registry.npmjs.org/@types/react-reconciler/-/react-reconciler-0.28.9.tgz",
      "integrity": "sha512-HHM3nxyUZ3zAylX8ZEyrDNd2XZOnQ0D5XfunJF5FLQnZbHHYq4UWvW1QfelQNXv1ICNkwYhfxjwfnqivYB6bFg==",
      "license": "MIT",
      "peerDependencies": {
        "@types/react": "*"
      }
    },
    "node_modules/jquery": {
      "version": "3.7.1",
      "resolved": "https://registry.npmjs.org/jquery/-/jquery-3.7.1.tgz",
      "integrity": "sha512-m4avr8yL8kmFN8psrbFFFmB/If14iN5o9nw/NgnnM+kybDJpRsAynV2BsfpTYrTRysYUdADVD7CkUUizgkpLfg==",
      "license": "MIT",
      "peer": true
    },
    "node_modules/json2mq": {
      "version": "0.2.0",
      "resolved": "https://registry.npmjs.org/json2mq/-/json2mq-0.2.0.tgz",
      "integrity": "sha512-SzoRg7ux5DWTII9J2qkrZrqV1gt+rTaoufMxEzXbS26Uid0NwaJd123HcoB80TgubEppxxIGdNxCx50fEoEWQA==",
      "license": "MIT",
      "dependencies": {
        "string-convert": "^0.2.0"
      }
    },
    "node_modules/lodash.debounce": {
      "version": "4.0.8",
      "resolved": "https://registry.npmjs.org/lodash.debounce/-/lodash.debounce-4.0.8.tgz",
      "integrity": "sha512-FT1yDzDYEoYWhnSGnpE/4Kj1fLZkDFyqRb7fNt6FdYOSxlUWAtp42Eh6Wb0rGIv/m9Bgo7x4GhQbm5Ys4SG5ow==",
      "license": "MIT"
    },
    "node_modules/lucide-react": {
      "version": "0.552.0",
      "resolved": "https://registry.npmjs.org/lucide-react/-/lucide-react-0.552.0.tgz",
      "integrity": "sha512-g9WCjmfwqbexSnZE+2cl21PCfXOcqnGeWeMTNAOGEfpPbm/ZF4YIq77Z8qWrxbu660EKuLB4nSLggoKnCb+isw==",
      "license": "ISC",
      "peerDependencies": {
        "react": "^16.5.1 || ^17.0.0 || ^18.0.0 || ^19.0.0"
      }
    },
    "node_modules/motion": {
      "version": "12.23.24",
      "resolved": "https://registry.npmjs.org/motion/-/motion-12.23.24.tgz",
      "integrity": "sha512-Rc5E7oe2YZ72N//S3QXGzbnXgqNrTESv8KKxABR20q2FLch9gHLo0JLyYo2hZ238bZ9Gx6cWhj9VO0IgwbMjCw==",
      "license": "MIT",
      "dependencies": {
        "framer-motion": "^12.23.24",
        "tslib": "^2.4.0"
      },
      "peerDependencies": {
        "@emotion/is-prop-valid": "*",
        "react": "^18.0.0 || ^19.0.0",
        "react-dom": "^18.0.0 || ^19.0.0"
      },
      "peerDependenciesMeta": {
        "@emotion/is-prop-valid": {
          "optional": true
        },
        "react": {
          "optional": true
        },
        "react-dom": {
          "optional": true
        }
      }
    },
    "node_modules/motion-dom": {
      "version": "12.23.23",
      "resolved": "https://registry.npmjs.org/motion-dom/-/motion-dom-12.23.23.tgz",
      "integrity": "sha512-n5yolOs0TQQBRUFImrRfs/+6X4p3Q4n1dUEqt/H58Vx7OW6RF+foWEgmTVDhIWJIMXOuNNL0apKH2S16en9eiA==",
      "license": "MIT",
      "dependencies": {
        "motion-utils": "^12.23.6"
      }
    },
    "node_modules/motion-utils": {
      "version": "12.23.6",
      "resolved": "https://registry.npmjs.org/motion-utils/-/motion-utils-12.23.6.tgz",
      "integrity": "sha512-eAWoPgr4eFEOFfg2WjIsMoqJTW6Z8MTUCgn/GZ3VRpClWBdnbjryiA3ZSNLyxCTmCQx4RmYX6jX1iWHbenUPNQ==",
      "license": "MIT"
    },
    "node_modules/nanoid": {
      "version": "3.3.11",
      "resolved": "https://registry.npmjs.org/nanoid/-/nanoid-3.3.11.tgz",
      "integrity": "sha512-N8SpfPUnUp1bK+PMYW8qSWdl9U+wwNWI4QKxOYDy9JAro3WMX7p2OeVRF9v+347pnakNevPmiHhNmZ2HbFA76w==",
      "funding": [
        {
          "type": "github",
          "url": "https://github.com/sponsors/ai"
        }
      ],
      "license": "MIT",
      "bin": {
        "nanoid": "bin/nanoid.cjs"
      },
      "engines": {
        "node": "^10 || ^12 || ^13.7 || ^14 || >=15.0.1"
      }
    },
    "node_modules/node-releases": {
      "version": "2.0.27",
      "resolved": "https://registry.npmjs.org/node-releases/-/node-releases-2.0.27.tgz",
      "integrity": "sha512-nmh3lCkYZ3grZvqcCH+fjmQ7X+H0OeZgP40OierEaAptX4XofMh5kwNbWh7lBduUzCcV/8kZ+NDLCwm2iorIlA==",
      "license": "MIT"
    },
    "node_modules/normalize-range": {
      "version": "0.1.2",
      "resolved": "https://registry.npmjs.org/normalize-range/-/normalize-range-0.1.2.tgz",
      "integrity": "sha512-bdok/XvKII3nUpklnV6P2hxtMNrCboOjAcyBuQnWEhO665FwrSNRxU+AqpsyvO6LgGYPspN+lu5CLtw4jPRKNA==",
      "license": "MIT",
      "engines": {
        "node": ">=0.10.0"
      }
    },
    "node_modules/picocolors": {
      "version": "1.1.1",
      "resolved": "https://registry.npmjs.org/picocolors/-/picocolors-1.1.1.tgz",
      "integrity": "sha512-xceH2snhtb5M9liqDsmEw56le376mTZkEX/jEb/RxNFyegNul7eNslCXP9FDj/Lcu0X8KEyMceP2ntpaHrDEVA==",
      "license": "ISC"
    },
    "node_modules/postcss": {
      "version": "8.5.6",
      "resolved": "https://registry.npmjs.org/postcss/-/postcss-8.5.6.tgz",
      "integrity": "sha512-3Ybi1tAuwAP9s0r1UQ2J4n5Y0G05bJkpUIO0/bI9MhwmD70S5aTWbXGBwxHrelT+XM1k6dM0pk+SwNkpTRN7Pg==",
      "funding": [
        {
          "type": "opencollective",
          "url": "https://opencollective.com/postcss/"
        },
        {
          "type": "tidelift",
          "url": "https://tidelift.com/funding/github/npm/postcss"
        },
        {
          "type": "github",
          "url": "https://github.com/sponsors/ai"
        }
      ],
      "license": "MIT",
      "dependencies": {
        "nanoid": "^3.3.11",
        "picocolors": "^1.1.1",
        "source-map-js": "^1.2.1"
      },
      "engines": {
        "node": "^10 || ^12 || >=14"
      }
    },
    "node_modules/postcss-value-parser": {
      "version": "4.2.0",
      "resolved": "https://registry.npmjs.org/postcss-value-parser/-/postcss-value-parser-4.2.0.tgz",
      "integrity": "sha512-1NNCs6uurfkVbeXG4S8JFT9t19m45ICnif8zWLd5oPSZ50QnwMfK+H3jv408d4jw/7Bttv5axS5IiHoLaVNHeQ==",
      "license": "MIT"
    },
    "node_modules/react": {
      "version": "19.2.0",
      "resolved": "https://registry.npmjs.org/react/-/react-19.2.0.tgz",
      "integrity": "sha512-tmbWg6W31tQLeB5cdIBOicJDJRR2KzXsV7uSK9iNfLWQ5bIZfxuPEHp7M8wiHyHnn0DD1i7w3Zmin0FtkrwoCQ==",
      "license": "MIT",
      "engines": {
        "node": ">=0.10.0"
      }
    },
    "node_modules/react-dom": {
      "version": "19.2.0",
      "resolved": "https://registry.npmjs.org/react-dom/-/react-dom-19.2.0.tgz",
      "integrity": "sha512-UlbRu4cAiGaIewkPyiRGJk0imDN2T3JjieT6spoL2UeSf5od4n5LB/mQ4ejmxhCFT1tYe8IvaFulzynWovsEFQ==",
      "license": "MIT",
      "peer": true,
      "dependencies": {
        "scheduler": "^0.27.0"
      },
      "peerDependencies": {
        "react": "^19.2.0"
      }
    },
    "node_modules/react-dom/node_modules/scheduler": {
      "version": "0.27.0",
      "resolved": "https://registry.npmjs.org/scheduler/-/scheduler-0.27.0.tgz",
      "integrity": "sha512-eNv+WrVbKu1f3vbYJT/xtiF5syA5HPIMtf9IgY/nKg0sWqzAUEvqY/xm7OcZc/qafLx/iO9FgOmeSAp4v5ti/Q==",
      "license": "MIT",
      "peer": true
    },
    "node_modules/react-intersection-observer": {
      "version": "10.0.0",
      "resolved": "https://registry.npmjs.org/react-intersection-observer/-/react-intersection-observer-10.0.0.tgz",
      "integrity": "sha512-JJRgcnFQoVXmbE5+GXr1OS1NDD1gHk0HyfpLcRf0575IbJz+io8yzs4mWVlfaqOQq1FiVjLvuYAdEEcrrCfveg==",
      "license": "MIT",
      "peerDependencies": {
        "react": "^17.0.0 || ^18.0.0 || ^19.0.0",
        "react-dom": "^17.0.0 || ^18.0.0 || ^19.0.0"
      },
      "peerDependenciesMeta": {
        "react-dom": {
          "optional": true
        }
      }
    },
    "node_modules/react-reconciler": {
      "version": "0.31.0",
      "resolved": "https://registry.npmjs.org/react-reconciler/-/react-reconciler-0.31.0.tgz",
      "integrity": "sha512-7Ob7Z+URmesIsIVRjnLoDGwBEG/tVitidU0nMsqX/eeJaLY89RISO/10ERe0MqmzuKUUB1rmY+h1itMbUHg9BQ==",
      "license": "MIT",
      "dependencies": {
        "scheduler": "^0.25.0"
      },
      "engines": {
        "node": ">=0.10.0"
      },
      "peerDependencies": {
        "react": "^19.0.0"
      }
    },
    "node_modules/react-slick": {
      "version": "0.31.0",
      "resolved": "https://registry.npmjs.org/react-slick/-/react-slick-0.31.0.tgz",
      "integrity": "sha512-zo6VLT8wuSBJffg/TFPbzrw2dEnfZ/cUKmYsKByh3AgatRv29m2LoFbq5vRMa3R3A4wp4d8gwbJKO2fWZFaI3g==",
      "license": "MIT",
      "dependencies": {
        "classnames": "^2.2.5",
        "json2mq": "^0.2.0",
        "lodash.debounce": "^4.0.8",
        "resize-observer-polyfill": "^1.5.0"
      },
      "peerDependencies": {
        "react": "^0.14.0 || ^15.0.1 || ^16.0.0 || ^17.0.0 || ^18.0.0 || ^19.0.0",
        "react-dom": "^0.14.0 || ^15.0.1 || ^16.0.0 || ^17.0.0 || ^18.0.0 || ^19.0.0"
      }
    },
    "node_modules/react-use-measure": {
      "version": "2.1.7",
      "resolved": "https://registry.npmjs.org/react-use-measure/-/react-use-measure-2.1.7.tgz",
      "integrity": "sha512-KrvcAo13I/60HpwGO5jpW7E9DfusKyLPLvuHlUyP5zqnmAPhNc6qTRjUQrdTADl0lpPpDVU2/Gg51UlOGHXbdg==",
      "license": "MIT",
      "peerDependencies": {
        "react": ">=16.13",
        "react-dom": ">=16.13"
      },
      "peerDependenciesMeta": {
        "react-dom": {
          "optional": true
        }
      }
    },
    "node_modules/resize-observer-polyfill": {
      "version": "1.5.1",
      "resolved": "https://registry.npmjs.org/resize-observer-polyfill/-/resize-observer-polyfill-1.5.1.tgz",
      "integrity": "sha512-LwZrotdHOo12nQuZlHEmtuXdqGoOD0OhaxopaNFxWzInpEgaLWoVuAMbTzixuosCx2nEG58ngzW3vxdWoxIgdg==",
      "license": "MIT"
    },
    "node_modules/scheduler": {
      "version": "0.25.0",
      "resolved": "https://registry.npmjs.org/scheduler/-/scheduler-0.25.0.tgz",
      "integrity": "sha512-xFVuu11jh+xcO7JOAGJNOXld8/TcEHK/4CituBUeUb5hqxJLj9YuemAEuvm9gQ/+pgXYfbQuqAkiYu+u7YEsNA==",
      "license": "MIT"
    },
    "node_modules/slick-carousel": {
      "version": "1.8.1",
      "resolved": "https://registry.npmjs.org/slick-carousel/-/slick-carousel-1.8.1.tgz",
      "integrity": "sha512-XB9Ftrf2EEKfzoQXt3Nitrt/IPbT+f1fgqBdoxO3W/+JYvtEOW6EgxnWfr9GH6nmULv7Y2tPmEX3koxThVmebA==",
      "license": "MIT",
      "peerDependencies": {
        "jquery": ">=1.8.0"
      }
    },
    "node_modules/source-map-js": {
      "version": "1.2.1",
      "resolved": "https://registry.npmjs.org/source-map-js/-/source-map-js-1.2.1.tgz",
      "integrity": "sha512-UXWMKhLOwVKb728IUtQPXxfYU+usdybtUrK/8uGE8CQMvrhOpwvzDBwj0QhSL7MQc7vIsISBG8VQ8+IDQxpfQA==",
      "license": "BSD-3-Clause",
      "engines": {
        "node": ">=0.10.0"
      }
    },
    "node_modules/string-convert": {
      "version": "0.2.1",
      "resolved": "https://registry.npmjs.org/string-convert/-/string-convert-0.2.1.tgz",
      "integrity": "sha512-u/1tdPl4yQnPBjnVrmdLo9gtuLvELKsAoRapekWggdiQNvvvum+jYF329d84NAa660KQw7pB2n36KrIKVoXa3A==",
      "license": "MIT"
    },
    "node_modules/suspend-react": {
      "version": "0.1.3",
      "resolved": "https://registry.npmjs.org/suspend-react/-/suspend-react-0.1.3.tgz",
      "integrity": "sha512-aqldKgX9aZqpoDp3e8/BZ8Dm7x1pJl+qI3ZKxDN0i/IQTWUwBx/ManmlVJ3wowqbno6c2bmiIfs+Um6LbsjJyQ==",
      "license": "MIT",
      "peerDependencies": {
        "react": ">=17.0"
      }
    },
    "node_modules/tailwind-variants": {
      "version": "3.1.1",
      "resolved": "https://registry.npmjs.org/tailwind-variants/-/tailwind-variants-3.1.1.tgz",
      "integrity": "sha512-ftLXe3krnqkMHsuBTEmaVUXYovXtPyTK7ckEfDRXS8PBZx0bAUas+A0jYxuKA5b8qg++wvQ3d2MQ7l/xeZxbZQ==",
      "license": "MIT",
      "engines": {
        "node": ">=16.x",
        "pnpm": ">=7.x"
      },
      "peerDependencies": {
        "tailwind-merge": ">=3.0.0",
        "tailwindcss": "*"
      },
      "peerDependenciesMeta": {
        "tailwind-merge": {
          "optional": true
        }
      }
    },
    "node_modules/tailwindcss": {
      "version": "4.1.16",
      "resolved": "https://registry.npmjs.org/tailwindcss/-/tailwindcss-4.1.16.tgz",
      "integrity": "sha512-pONL5awpaQX4LN5eiv7moSiSPd/DLDzKVRJz8Q9PgzmAdd1R4307GQS2ZpfiN7ZmekdQrfhZZiSE5jkLR4WNaA==",
      "license": "MIT"
    },
    "node_modules/three": {
      "version": "0.181.1",
      "resolved": "https://registry.npmjs.org/three/-/three-0.181.1.tgz",
      "integrity": "sha512-bz9xZUQMw3pJbjKy7roiwXWgAp+oVUa+4k5o0oBAQ+IFJuru1xzvtk63h6k72XZanXS/SgoEhV6927Vgazyq2w==",
      "license": "MIT"
    },
    "node_modules/tslib": {
      "version": "2.8.1",
      "resolved": "https://registry.npmjs.org/tslib/-/tslib-2.8.1.tgz",
      "integrity": "sha512-oJFu94HQb+KVduSUQL7wnpmqnfmLsOA/nAh6b6EH0wCEoK0/mPeXU6c3wKDV83MkOuHPRHtSXKKU99IBazS/2w==",
      "license": "0BSD"
    },
    "node_modules/update-browserslist-db": {
      "version": "1.1.4",
      "resolved": "https://registry.npmjs.org/update-browserslist-db/-/update-browserslist-db-1.1.4.tgz",
      "integrity": "sha512-q0SPT4xyU84saUX+tomz1WLkxUbuaJnR1xWt17M7fJtEJigJeWUNGUqrauFXsHnqev9y9JTRGwk13tFBuKby4A==",
      "funding": [
        {
          "type": "opencollective",
          "url": "https://opencollective.com/browserslist"
        },
        {
          "type": "tidelift",
          "url": "https://tidelift.com/funding/github/npm/browserslist"
        },
        {
          "type": "github",
          "url": "https://github.com/sponsors/ai"
        }
      ],
      "license": "MIT",
      "dependencies": {
        "escalade": "^3.2.0",
        "picocolors": "^1.1.1"
      },
      "bin": {
        "update-browserslist-db": "cli.js"
      },
      "peerDependencies": {
        "browserslist": ">= 4.21.0"
      }
    },
    "node_modules/use-sync-external-store": {
      "version": "1.6.0",
      "resolved": "https://registry.npmjs.org/use-sync-external-store/-/use-sync-external-store-1.6.0.tgz",
      "integrity": "sha512-Pp6GSwGP/NrPIrxVFAIkOQeyw8lFenOHijQWkUTrDvrF4ALqylP2C/KCkeS9dpUM3KvYRQhna5vt7IL95+ZQ9w==",
      "license": "MIT",
      "peerDependencies": {
        "react": "^16.8.0 || ^17.0.0 || ^18.0.0 || ^19.0.0"
      }
    },
    "node_modules/zustand": {
      "version": "5.0.8",
      "resolved": "https://registry.npmjs.org/zustand/-/zustand-5.0.8.tgz",
      "integrity": "sha512-gyPKpIaxY9XcO2vSMrLbiER7QMAMGOQZVRdJ6Zi782jkbzZygq5GI9nG8g+sMgitRtndwaBSl7uiqC49o1SSiw==",
      "license": "MIT",
      "engines": {
        "node": ">=12.20.0"
      },
      "peerDependencies": {
        "@types/react": ">=18.0.0",
        "immer": ">=9.0.6",
        "react": ">=18.0.0",
        "use-sync-external-store": ">=1.2.0"
      },
      "peerDependenciesMeta": {
        "@types/react": {
          "optional": true
        },
        "immer": {
          "optional": true
        },
        "react": {
          "optional": true
        },
        "use-sync-external-store": {
          "optional": true
        }
      }
    }
  }
}
